{
  "name": "zorai",
  "lockfileVersion": 3,
  "requires": true,
  "packages": {
    "": {
      "dependencies": {
        "zor-ai": "^0.9.42"
      }
    },
    "node_modules/adm-zip": {
      "version": "0.5.18",
      "resolved": "https://registry.npmjs.org/adm-zip/-/adm-zip-0.5.18.tgz",
      "integrity": "sha512-ufJnssQGbxzLNS1Ho9bCtX4rQKCCvoVuDLHoJyc3F9dOGDB4BkWs2Ci0kv53lqocAEQ/Cbi+I2XCsNYGqVYqng==",
      "license": "MIT",
      "engines": {
        "node": ">=12.0"
      }
    },
    "node_modules/zor-ai": {
      "version": "0.9.42",
      "resolved": "https://registry.npmjs.org/zor-ai/-/zor-ai-0.9.42.tgz",
      "integrity": "sha512-CyrrkVxVxaRl5YeKNKWRDKQ16zsWRfnagOQNVFMEx2/PHPMfFgLu+1QSNqx9hUio4qDHg31ZC+rlgrs57U/YSQ==",
      "cpu": [
        "x64",
        "arm64"
      ],
      "hasInstallScript": true,
      "license": "MIT",
      "os": [
        "linux",
        "darwin",
        "win32"
      ],
      "dependencies": {
        "adm-zip": "^0.5.16"
      },
      "bin": {
        "zoi": "bin/zorai.js",
        "zorai": "bin/zorai.js"
      },
      "engines": {
        "node": ">=18"
      }
    }
  }
}
